
Microsoft Visual Studio Solution File, Format Version 12.00
# Visual Studio Version 16
VisualStudioVersion = 16.0.30621.155
MinimumVisualStudioVersion = 10.0.40219.1
Project("{FAE04EC0-301F-11D3-BF4B-00C04F79EFBC}") = "ShoppingListWindowsFormsApp", "ShoppingListWindowsFormsApp\ShoppingListWindowsFormsApp.csproj", "{AE37FDA6-E255-4425-8023-97505E188D3C}"
EndProject
Global
	GlobalSection(SolutionConfigurationPlatforms) = preSolution
		Debug|Any CPU = Debug|Any CPU
		Release|Any CPU = Release|Any CPU
	EndGlobalSection
	GlobalSection(ProjectConfigurationPlatforms) = postSolution
		{AE37FDA6-E255-4425-8023-97505E188D3C}.Debug|Any CPU.ActiveCfg = Debug|Any CPU
		{AE37FDA6-E255-4425-8023-97505E188D3C}.Debug|Any CPU.Build.0 = Debug|Any CPU
		{AE37FDA6-E255-4425-8023-97505E188D3C}.Release|Any CPU.ActiveCfg = Release|Any CPU
		{AE37FDA6-E255-4425-8023-97505E188D3C}.Release|Any CPU.Build.0 = Release|Any CPU
	EndGlobalSection
	GlobalSection(SolutionProperties) = preSolution
		HideSolutionNode = FALSE
	EndGlobalSection
	GlobalSection(ExtensibilityGlobals) = postSolution
		SolutionGuid = {D057D1EB-70F6-4A1B-9654-D697440CF7C9}
	EndGlobalSection
EndGlobal
